
Microsoft Visual Studio Solution File, Format Version 12.00
# Visual Studio Version 17
VisualStudioVersion = 17.0.31611.283
MinimumVisualStudioVersion = 10.0.40219.1
Project("{9A19103F-16F7-4668-BE54-9A1E7A4F7556}") = "TaskyApp.Contracts", "TaskyApp.Contracts\TaskyApp.Contracts.csproj", "{18FC92D1-7665-4B9B-B14D-0BB089009FB3}"
EndProject
Project("{9A19103F-16F7-4668-BE54-9A1E7A4F7556}") = "TaskyApp.Maui.App", "TaskyApp.Maui\TaskyApp.Maui.App.csproj", "{A9959172-0C2F-4039-A5C3-3058A756E1C0}"
EndProject
Global
	GlobalSection(SolutionConfigurationPlatforms) = preSolution
		Debug|Any CPU = Debug|Any CPU
		Release|Any CPU = Release|Any CPU
	EndGlobalSection
	GlobalSection(ProjectConfigurationPlatforms) = postSolution
		{18FC92D1-7665-4B9B-B14D-0BB089009FB3}.Debug|Any CPU.ActiveCfg = Debug|Any CPU
		{18FC92D1-7665-4B9B-B14D-0BB089009FB3}.Debug|Any CPU.Build.0 = Debug|Any CPU
		{18FC92D1-7665-4B9B-B14D-0BB089009FB3}.Release|Any CPU.ActiveCfg = Release|Any CPU
		{18FC92D1-7665-4B9B-B14D-0BB089009FB3}.Release|Any CPU.Build.0 = Release|Any CPU
		{A9959172-0C2F-4039-A5C3-3058A756E1C0}.Debug|Any CPU.ActiveCfg = Debug|Any CPU
		{A9959172-0C2F-4039-A5C3-3058A756E1C0}.Debug|Any CPU.Build.0 = Debug|Any CPU
		{A9959172-0C2F-4039-A5C3-3058A756E1C0}.Debug|Any CPU.Deploy.0 = Debug|Any CPU
		{A9959172-0C2F-4039-A5C3-3058A756E1C0}.Release|Any CPU.ActiveCfg = Release|Any CPU
		{A9959172-0C2F-4039-A5C3-3058A756E1C0}.Release|Any CPU.Build.0 = Release|Any CPU
		{A9959172-0C2F-4039-A5C3-3058A756E1C0}.Release|Any CPU.Deploy.0 = Release|Any CPU
	EndGlobalSection
	GlobalSection(SolutionProperties) = preSolution
		HideSolutionNode = FALSE
	EndGlobalSection
	GlobalSection(ExtensibilityGlobals) = postSolution
		SolutionGuid = {61F7FB11-1E47-470C-91E2-47F8143E1572}
	EndGlobalSection
EndGlobal
